
Microsoft Visual Studio Solution File, Format Version 12.00
# Visual Studio Version 17
VisualStudioVersion = 17.0.32014.148
MinimumVisualStudioVersion = 10.0.40219.1
Project("{FAE04EC0-301F-11D3-BF4B-00C04F79EFBC}") = "file-uploads_SampleApp_3to5x", "file-uploads_SampleApp_3to5x\file-uploads_SampleApp_3to5x.csproj", "{99175BD0-5540-4168-8802-64B20E980F61}"
EndProject
Global
	GlobalSection(SolutionConfigurationPlatforms) = preSolution
		Debug|Any CPU = Debug|Any CPU
		Release|Any CPU = Release|Any CPU
	EndGlobalSection
	GlobalSection(ProjectConfigurationPlatforms) = postSolution
		{99175BD0-5540-4168-8802-64B20E980F61}.Debug|Any CPU.ActiveCfg = Debug|Any CPU
		{99175BD0-5540-4168-8802-64B20E980F61}.Debug|Any CPU.Build.0 = Debug|Any CPU
		{99175BD0-5540-4168-8802-64B20E980F61}.Release|Any CPU.ActiveCfg = Release|Any CPU
		{99175BD0-5540-4168-8802-64B20E980F61}.Release|Any CPU.Build.0 = Release|Any CPU
	EndGlobalSection
	GlobalSection(SolutionProperties) = preSolution
		HideSolutionNode = FALSE
	EndGlobalSection
	GlobalSection(ExtensibilityGlobals) = postSolution
		SolutionGuid = {AAD4B944-048A-4AD3-854A-18825BA5023A}
	EndGlobalSection
EndGlobal
